
Microsoft Visual Studio Solution File, Format Version 12.00
# Visual Studio Version 17
VisualStudioVersion = 17.8.34525.116
MinimumVisualStudioVersion = 10.0.40219.1
Project("{9A19103F-16F7-4668-BE54-9A1E7A4F7556}") = "WPC_App_BlazorServerSide", "WPC_App_BlazorServerSide\WPC_App_BlazorServerSide.csproj", "{7992B4AC-2875-424B-827C-7C3C5DDE480D}"
EndProject
Project("{9A19103F-16F7-4668-BE54-9A1E7A4F7556}") = "UnitTests", "UnitTests\UnitTests.csproj", "{BC678382-B0AF-4517-BD51-F3F55243C413}"
EndProject
Global
	GlobalSection(SolutionConfigurationPlatforms) = preSolution
		Debug|Any CPU = Debug|Any CPU
		Release|Any CPU = Release|Any CPU
	EndGlobalSection
	GlobalSection(ProjectConfigurationPlatforms) = postSolution
		{7992B4AC-2875-424B-827C-7C3C5DDE480D}.Debug|Any CPU.ActiveCfg = Debug|Any CPU
		{7992B4AC-2875-424B-827C-7C3C5DDE480D}.Debug|Any CPU.Build.0 = Debug|Any CPU
		{7992B4AC-2875-424B-827C-7C3C5DDE480D}.Release|Any CPU.ActiveCfg = Release|Any CPU
		{7992B4AC-2875-424B-827C-7C3C5DDE480D}.Release|Any CPU.Build.0 = Release|Any CPU
		{BC678382-B0AF-4517-BD51-F3F55243C413}.Debug|Any CPU.ActiveCfg = Debug|Any CPU
		{BC678382-B0AF-4517-BD51-F3F55243C413}.Debug|Any CPU.Build.0 = Debug|Any CPU
		{BC678382-B0AF-4517-BD51-F3F55243C413}.Release|Any CPU.ActiveCfg = Release|Any CPU
		{BC678382-B0AF-4517-BD51-F3F55243C413}.Release|Any CPU.Build.0 = Release|Any CPU
	EndGlobalSection
	GlobalSection(SolutionProperties) = preSolution
		HideSolutionNode = FALSE
	EndGlobalSection
	GlobalSection(ExtensibilityGlobals) = postSolution
		SolutionGuid = {BFFB355B-D88B-456D-8376-29F65419E4A8}
	EndGlobalSection
EndGlobal
